# THIS IS AN AUTOGENERATED FILE. DO NOT EDIT THIS FILE DIRECTLY.
# yarn lockfile v1


react-native-really-awesome-button@^1.4.2:
  version "1.4.2"
  resolved "https://registry.yarnpkg.com/react-native-really-awesome-button/-/react-native-really-awesome-button-1.4.2.tgz#db25835f4eb3abe8ac04491db6a509777785c8c8"
  integrity sha512-di2oPh0PnRGBLcCQ25v3OSplG1g9yFCd31ZvMQe6yLaMyq9yUb9o/Ot85Kj9tegHx1bmVda1zEuFHZLvYBBRFA==
