# THIS IS AN AUTOGENERATED FILE. DO NOT EDIT THIS FILE DIRECTLY.
# yarn lockfile v1


"@expo/vector-icons@^10.0.3":
  version "10.0.3"
  resolved "https://registry.yarnpkg.com/@expo/vector-icons/-/vector-icons-10.0.3.tgz#9dec25cf6c29871f2bb1fe932029878c221f1f75"
  integrity sha512-3iTdjnBlleddgcRGZV9JQXi+WRL3n2BehW48JOFv/mydx8BjHD0QAcYLOXGuwrcRKR0AIRhHxFQwKVyQ4YcYLA==
  dependencies:
    lodash "^4.17.4"

lodash@^4.17.4:
  version "4.17.14"
  resolved "https://registry.yarnpkg.com/lodash/-/lodash-4.17.14.tgz#9ce487ae66c96254fe20b599f21b6816028078ba"
  integrity sha512-mmKYbW3GLuJeX+iGP+Y7Gp1AiGHGbXHCOh/jZmrawMmsE7MS4znI3RL2FsjbqOyMayHInjOeykW7PEajUk1/xw==
